
Microsoft Visual Studio Solution File, Format Version 12.00
# Visual Studio Version 17
VisualStudioVersion = 17.10.34928.147
MinimumVisualStudioVersion = 10.0.40219.1
Project("{FAE04EC0-301F-11D3-BF4B-00C04F79EFBC}") = "FigureLibrary", "FigureLibrary\FigureLibrary.csproj", "{49C5209A-7216-4D2B-BB73-DA53CEC358DE}"
EndProject
Project("{FAE04EC0-301F-11D3-BF4B-00C04F79EFBC}") = "FigureLibrary.Tests", "FigureLibrary.Tests\FigureLibrary.Tests.csproj", "{E2C3924B-1BB0-459A-B6F1-BCD043E04E49}"
EndProject
Global
	GlobalSection(SolutionConfigurationPlatforms) = preSolution
		Debug|Any CPU = Debug|Any CPU
		Release|Any CPU = Release|Any CPU
	EndGlobalSection
	GlobalSection(ProjectConfigurationPlatforms) = postSolution
		{49C5209A-7216-4D2B-BB73-DA53CEC358DE}.Debug|Any CPU.ActiveCfg = Debug|Any CPU
		{49C5209A-7216-4D2B-BB73-DA53CEC358DE}.Debug|Any CPU.Build.0 = Debug|Any CPU
		{49C5209A-7216-4D2B-BB73-DA53CEC358DE}.Release|Any CPU.ActiveCfg = Release|Any CPU
		{49C5209A-7216-4D2B-BB73-DA53CEC358DE}.Release|Any CPU.Build.0 = Release|Any CPU
		{E2C3924B-1BB0-459A-B6F1-BCD043E04E49}.Debug|Any CPU.ActiveCfg = Debug|Any CPU
		{E2C3924B-1BB0-459A-B6F1-BCD043E04E49}.Debug|Any CPU.Build.0 = Debug|Any CPU
		{E2C3924B-1BB0-459A-B6F1-BCD043E04E49}.Release|Any CPU.ActiveCfg = Release|Any CPU
		{E2C3924B-1BB0-459A-B6F1-BCD043E04E49}.Release|Any CPU.Build.0 = Release|Any CPU
	EndGlobalSection
	GlobalSection(SolutionProperties) = preSolution
		HideSolutionNode = FALSE
	EndGlobalSection
	GlobalSection(ExtensibilityGlobals) = postSolution
		SolutionGuid = {B80B5EA4-112D-4B03-A669-F12CECC1FFCA}
	EndGlobalSection
EndGlobal
